
Microsoft Visual Studio Solution File, Format Version 12.00
# Visual Studio Version 17
VisualStudioVersion = 17.11.35208.52
MinimumVisualStudioVersion = 10.0.40219.1
Project("{FAE04EC0-301F-11D3-BF4B-00C04F79EFBC}") = "AplikasiListBilanganPrima(Dhiya)", "AplikasiListBilanganPrima(Dhiya)\AplikasiListBilanganPrima(Dhiya).csproj", "{FC6FA4B8-7BA6-4D43-8AEB-AD223692D47D}"
EndProject
Global
	GlobalSection(SolutionConfigurationPlatforms) = preSolution
		Debug|Any CPU = Debug|Any CPU
		Release|Any CPU = Release|Any CPU
	EndGlobalSection
	GlobalSection(ProjectConfigurationPlatforms) = postSolution
		{FC6FA4B8-7BA6-4D43-8AEB-AD223692D47D}.Debug|Any CPU.ActiveCfg = Debug|Any CPU
		{FC6FA4B8-7BA6-4D43-8AEB-AD223692D47D}.Debug|Any CPU.Build.0 = Debug|Any CPU
		{FC6FA4B8-7BA6-4D43-8AEB-AD223692D47D}.Release|Any CPU.ActiveCfg = Release|Any CPU
		{FC6FA4B8-7BA6-4D43-8AEB-AD223692D47D}.Release|Any CPU.Build.0 = Release|Any CPU
	EndGlobalSection
	GlobalSection(SolutionProperties) = preSolution
		HideSolutionNode = FALSE
	EndGlobalSection
	GlobalSection(ExtensibilityGlobals) = postSolution
		SolutionGuid = {D3F9DAAC-986A-40E9-9B54-DC487F2980F8}
	EndGlobalSection
EndGlobal
